
Microsoft Visual Studio Solution File, Format Version 12.00
# Visual Studio Version 17
VisualStudioVersion = 17.12.35521.163 d17.12
MinimumVisualStudioVersion = 10.0.40219.1
Project("{FAE04EC0-301F-11D3-BF4B-00C04F79EFBC}") = "Flight Booking App", "Flight Booking App\Flight Booking App.csproj", "{63B8C5A5-11A7-45AD-8F56-A33E5A0CED67}"
EndProject
Global
	GlobalSection(SolutionConfigurationPlatforms) = preSolution
		Debug|Any CPU = Debug|Any CPU
		Release|Any CPU = Release|Any CPU
	EndGlobalSection
	GlobalSection(ProjectConfigurationPlatforms) = postSolution
		{63B8C5A5-11A7-45AD-8F56-A33E5A0CED67}.Debug|Any CPU.ActiveCfg = Debug|Any CPU
		{63B8C5A5-11A7-45AD-8F56-A33E5A0CED67}.Debug|Any CPU.Build.0 = Debug|Any CPU
		{63B8C5A5-11A7-45AD-8F56-A33E5A0CED67}.Release|Any CPU.ActiveCfg = Release|Any CPU
		{63B8C5A5-11A7-45AD-8F56-A33E5A0CED67}.Release|Any CPU.Build.0 = Release|Any CPU
	EndGlobalSection
	GlobalSection(SolutionProperties) = preSolution
		HideSolutionNode = FALSE
	EndGlobalSection
EndGlobal
